
Microsoft Visual Studio Solution File, Format Version 12.00
# Visual Studio Version 17
VisualStudioVersion = 17.7.34031.279
MinimumVisualStudioVersion = 10.0.40219.1
Project("{FAE04EC0-301F-11D3-BF4B-00C04F79EFBC}") = "click pc", "click pc\click pc.csproj", "{B2708905-7EA6-4102-9785-3FF8A60D3125}"
EndProject
Global
	GlobalSection(SolutionConfigurationPlatforms) = preSolution
		Debug|Any CPU = Debug|Any CPU
		Release|Any CPU = Release|Any CPU
	EndGlobalSection
	GlobalSection(ProjectConfigurationPlatforms) = postSolution
		{B2708905-7EA6-4102-9785-3FF8A60D3125}.Debug|Any CPU.ActiveCfg = Debug|Any CPU
		{B2708905-7EA6-4102-9785-3FF8A60D3125}.Debug|Any CPU.Build.0 = Debug|Any CPU
		{B2708905-7EA6-4102-9785-3FF8A60D3125}.Release|Any CPU.ActiveCfg = Release|Any CPU
		{B2708905-7EA6-4102-9785-3FF8A60D3125}.Release|Any CPU.Build.0 = Release|Any CPU
	EndGlobalSection
	GlobalSection(SolutionProperties) = preSolution
		HideSolutionNode = FALSE
	EndGlobalSection
	GlobalSection(ExtensibilityGlobals) = postSolution
		SolutionGuid = {3F3B160F-4B13-4562-9960-F0E47A85C425}
	EndGlobalSection
EndGlobal
